// !$*UTF8*$!
{
	archiveVersion = 1;
	classes = {
	};
	objectVersion = 56;
	objects = {

/* Begin PBXBuildFile section */
		3457D6D72A36A3A80067D9CC /* AppDelegate.swift in Sources */ = {isa = PBXBuildFile; fileRef = 3457D6D62A36A3A80067D9CC /* AppDelegate.swift */; };
		3457D6D92A36A3A80067D9CC /* SceneDelegate.swift in Sources */ = {isa = PBXBuildFile; fileRef = 3457D6D82A36A3A80067D9CC /* SceneDelegate.swift */; };
		3457D6DB2A36A3A80067D9CC /* CNTabBarViewController.swift in Sources */ = {isa = PBXBuildFile; fileRef = 3457D6DA2A36A3A80067D9CC /* CNTabBarViewController.swift */; };
		3457D6E02A36A3A90067D9CC /* Assets.xcassets in Resources */ = {isa = PBXBuildFile; fileRef = 3457D6DF2A36A3A90067D9CC /* Assets.xcassets */; };
		3457D6E32A36A3A90067D9CC /* LaunchScreen.storyboard in Resources */ = {isa = PBXBuildFile; fileRef = 3457D6E12A36A3A90067D9CC /* LaunchScreen.storyboard */; };
		3457D6F42A36BE8A0067D9CC /* CNLocation.swift in Sources */ = {isa = PBXBuildFile; fileRef = 3457D6F32A36BE8A0067D9CC /* CNLocation.swift */; };
		3457D6F62A36BEA10067D9CC /* CNCharacter.swift in Sources */ = {isa = PBXBuildFile; fileRef = 3457D6F52A36BEA10067D9CC /* CNCharacter.swift */; };
		3457D6F82A36BEAC0067D9CC /* CNEpisode.swift in Sources */ = {isa = PBXBuildFile; fileRef = 3457D6F72A36BEAC0067D9CC /* CNEpisode.swift */; };
		3457D6FB2A36C2680067D9CC /* CNCharactersViewController.swift in Sources */ = {isa = PBXBuildFile; fileRef = 3457D6FA2A36C2680067D9CC /* CNCharactersViewController.swift */; };
		3457D6FD2A36C27B0067D9CC /* CNLocationsViewController.swift in Sources */ = {isa = PBXBuildFile; fileRef = 3457D6FC2A36C27B0067D9CC /* CNLocationsViewController.swift */; };
		3457D6FF2A36C2850067D9CC /* CNEpisodesViewController.swift in Sources */ = {isa = PBXBuildFile; fileRef = 3457D6FE2A36C2850067D9CC /* CNEpisodesViewController.swift */; };
		3457D7012A36C28F0067D9CC /* CNSettingsViewController.swift in Sources */ = {isa = PBXBuildFile; fileRef = 3457D7002A36C28F0067D9CC /* CNSettingsViewController.swift */; };
		346256212A3FF39000EE09CB /* CNService.swift in Sources */ = {isa = PBXBuildFile; fileRef = 346256202A3FF39000EE09CB /* CNService.swift */; };
		346256232A3FF3A300EE09CB /* CNRequest.swift in Sources */ = {isa = PBXBuildFile; fileRef = 346256222A3FF3A300EE09CB /* CNRequest.swift */; };
		346256252A3FF43700EE09CB /* CNEndpoint.swift in Sources */ = {isa = PBXBuildFile; fileRef = 346256242A3FF43600EE09CB /* CNEndpoint.swift */; };
		346256272A3FFAC600EE09CB /* CNOrigin.swift in Sources */ = {isa = PBXBuildFile; fileRef = 346256262A3FFAC600EE09CB /* CNOrigin.swift */; };
		346256292A3FFB6000EE09CB /* CNSingleLocation.swift in Sources */ = {isa = PBXBuildFile; fileRef = 346256282A3FFB6000EE09CB /* CNSingleLocation.swift */; };
		3462562B2A3FFCBB00EE09CB /* CNCharacterStatus.swift in Sources */ = {isa = PBXBuildFile; fileRef = 3462562A2A3FFCBB00EE09CB /* CNCharacterStatus.swift */; };
		3462562D2A3FFCD600EE09CB /* CNCharacterGender.swift in Sources */ = {isa = PBXBuildFile; fileRef = 3462562C2A3FFCD600EE09CB /* CNCharacterGender.swift */; };
		34A99DEE2A494EAD002B4916 /* Extensions.swift in Sources */ = {isa = PBXBuildFile; fileRef = 34A99DED2A494EAD002B4916 /* Extensions.swift */; };
		34A99DF02A4AA35F002B4916 /* CNCharacterCollectionViewCell.swift in Sources */ = {isa = PBXBuildFile; fileRef = 34A99DEF2A4AA35F002B4916 /* CNCharacterCollectionViewCell.swift */; };
		34B0E5332A44045700CBAEB4 /* CNGetAllCharactersResponse.swift in Sources */ = {isa = PBXBuildFile; fileRef = 34B0E5322A44045700CBAEB4 /* CNGetAllCharactersResponse.swift */; };
		34B0E5352A49187300CBAEB4 /* CNCharacterListViewViewModel.swift in Sources */ = {isa = PBXBuildFile; fileRef = 34B0E5342A49187300CBAEB4 /* CNCharacterListViewViewModel.swift */; };
		34B0E5372A49190B00CBAEB4 /* CNCharacterListView.swift in Sources */ = {isa = PBXBuildFile; fileRef = 34B0E5362A49190B00CBAEB4 /* CNCharacterListView.swift */; };
/* End PBXBuildFile section */

/* Begin PBXFileReference section */
		3457D6D32A36A3A80067D9CC /* CartoonApp.app */ = {isa = PBXFileReference; explicitFileType = wrapper.application; includeInIndex = 0; path = CartoonApp.app; sourceTree = BUILT_PRODUCTS_DIR; };
		3457D6D62A36A3A80067D9CC /* AppDelegate.swift */ = {isa = PBXFileReference; lastKnownFileType = sourcecode.swift; path = AppDelegate.swift; sourceTree = "<group>"; };
		3457D6D82A36A3A80067D9CC /* SceneDelegate.swift */ = {isa = PBXFileReference; lastKnownFileType = sourcecode.swift; path = SceneDelegate.swift; sourceTree = "<group>"; };
		3457D6DA2A36A3A80067D9CC /* CNTabBarViewController.swift */ = {isa = PBXFileReference; lastKnownFileType = sourcecode.swift; path = CNTabBarViewController.swift; sourceTree = "<group>"; };
		3457D6DF2A36A3A90067D9CC /* Assets.xcassets */ = {isa = PBXFileReference; lastKnownFileType = folder.assetcatalog; path = Assets.xcassets; sourceTree = "<group>"; };
		3457D6E22A36A3A90067D9CC /* Base */ = {isa = PBXFileReference; lastKnownFileType = file.storyboard; name = Base; path = Base.lproj/LaunchScreen.storyboard; sourceTree = "<group>"; };
		3457D6E42A36A3A90067D9CC /* Info.plist */ = {isa = PBXFileReference; lastKnownFileType = text.plist.xml; path = Info.plist; sourceTree = "<group>"; };
		3457D6F32A36BE8A0067D9CC /* CNLocation.swift */ = {isa = PBXFileReference; lastKnownFileType = sourcecode.swift; path = CNLocation.swift; sourceTree = "<group>"; };
		3457D6F52A36BEA10067D9CC /* CNCharacter.swift */ = {isa = PBXFileReference; lastKnownFileType = sourcecode.swift; path = CNCharacter.swift; sourceTree = "<group>"; };
		3457D6F72A36BEAC0067D9CC /* CNEpisode.swift */ = {isa = PBXFileReference; lastKnownFileType = sourcecode.swift; path = CNEpisode.swift; sourceTree = "<group>"; };
		3457D6FA2A36C2680067D9CC /* CNCharactersViewController.swift */ = {isa = PBXFileReference; lastKnownFileType = sourcecode.swift; path = CNCharactersViewController.swift; sourceTree = "<group>"; };
		3457D6FC2A36C27B0067D9CC /* CNLocationsViewController.swift */ = {isa = PBXFileReference; lastKnownFileType = sourcecode.swift; path = CNLocationsViewController.swift; sourceTree = "<group>"; };
		3457D6FE2A36C2850067D9CC /* CNEpisodesViewController.swift */ = {isa = PBXFileReference; lastKnownFileType = sourcecode.swift; path = CNEpisodesViewController.swift; sourceTree = "<group>"; };
		3457D7002A36C28F0067D9CC /* CNSettingsViewController.swift */ = {isa = PBXFileReference; lastKnownFileType = sourcecode.swift; path = CNSettingsViewController.swift; sourceTree = "<group>"; };
		346256202A3FF39000EE09CB /* CNService.swift */ = {isa = PBXFileReference; lastKnownFileType = sourcecode.swift; path = CNService.swift; sourceTree = "<group>"; };
		346256222A3FF3A300EE09CB /* CNRequest.swift */ = {isa = PBXFileReference; lastKnownFileType = sourcecode.swift; path = CNRequest.swift; sourceTree = "<group>"; };
		346256242A3FF43600EE09CB /* CNEndpoint.swift */ = {isa = PBXFileReference; lastKnownFileType = sourcecode.swift; path = CNEndpoint.swift; sourceTree = "<group>"; };
		346256262A3FFAC600EE09CB /* CNOrigin.swift */ = {isa = PBXFileReference; lastKnownFileType = sourcecode.swift; path = CNOrigin.swift; sourceTree = "<group>"; };
		346256282A3FFB6000EE09CB /* CNSingleLocation.swift */ = {isa = PBXFileReference; lastKnownFileType = sourcecode.swift; path = CNSingleLocation.swift; sourceTree = "<group>"; };
		3462562A2A3FFCBB00EE09CB /* CNCharacterStatus.swift */ = {isa = PBXFileReference; lastKnownFileType = sourcecode.swift; path = CNCharacterStatus.swift; sourceTree = "<group>"; };
		3462562C2A3FFCD600EE09CB /* CNCharacterGender.swift */ = {isa = PBXFileReference; lastKnownFileType = sourcecode.swift; path = CNCharacterGender.swift; sourceTree = "<group>"; };
		34A99DED2A494EAD002B4916 /* Extensions.swift */ = {isa = PBXFileReference; lastKnownFileType = sourcecode.swift; path = Extensions.swift; sourceTree = "<group>"; };
		34A99DEF2A4AA35F002B4916 /* CNCharacterCollectionViewCell.swift */ = {isa = PBXFileReference; lastKnownFileType = sourcecode.swift; path = CNCharacterCollectionViewCell.swift; sourceTree = "<group>"; };
		34B0E5322A44045700CBAEB4 /* CNGetAllCharactersResponse.swift */ = {isa = PBXFileReference; lastKnownFileType = sourcecode.swift; path = CNGetAllCharactersResponse.swift; sourceTree = "<group>"; };
		34B0E5342A49187300CBAEB4 /* CNCharacterListViewViewModel.swift */ = {isa = PBXFileReference; lastKnownFileType = sourcecode.swift; path = CNCharacterListViewViewModel.swift; sourceTree = "<group>"; };
		34B0E5362A49190B00CBAEB4 /* CNCharacterListView.swift */ = {isa = PBXFileReference; lastKnownFileType = sourcecode.swift; path = CNCharacterListView.swift; sourceTree = "<group>"; };
/* End PBXFileReference section */

/* Begin PBXFrameworksBuildPhase section */
		3457D6D02A36A3A80067D9CC /* Frameworks */ = {
			isa = PBXFrameworksBuildPhase;
			buildActionMask = 2147483647;
			files = (
			);
			runOnlyForDeploymentPostprocessing = 0;
		};
/* End PBXFrameworksBuildPhase section */

/* Begin PBXGroup section */
		3457D6CA2A36A3A80067D9CC = {
			isa = PBXGroup;
			children = (
				3457D6D52A36A3A80067D9CC /* CartoonApp */,
				3457D6D42A36A3A80067D9CC /* Products */,
			);
			sourceTree = "<group>";
		};
		3457D6D42A36A3A80067D9CC /* Products */ = {
			isa = PBXGroup;
			children = (
				3457D6D32A36A3A80067D9CC /* CartoonApp.app */,
			);
			name = Products;
			sourceTree = "<group>";
		};
		3457D6D52A36A3A80067D9CC /* CartoonApp */ = {
			isa = PBXGroup;
			children = (
				3457D6F02A36B7C50067D9CC /* Resources */,
				3457D6EF2A36B7AE0067D9CC /* APIClient */,
				3457D6EE2A36B7A50067D9CC /* Managers */,
				3457D6ED2A36B73A0067D9CC /* ViewModels */,
				3457D6EC2A36B7310067D9CC /* Views */,
				3457D6EB2A36B69A0067D9CC /* Models */,
				3457D6EA2A36B6910067D9CC /* Controllers */,
				3457D6E42A36A3A90067D9CC /* Info.plist */,
			);
			path = CartoonApp;
			sourceTree = "<group>";
		};
		3457D6EA2A36B6910067D9CC /* Controllers */ = {
			isa = PBXGroup;
			children = (
				3457D6F92A36C2210067D9CC /* Core */,
			);
			path = Controllers;
			sourceTree = "<group>";
		};
		3457D6EB2A36B69A0067D9CC /* Models */ = {
			isa = PBXGroup;
			children = (
				34B0E5312A44043700CBAEB4 /* ResponseTypes */,
				34B0E5302A44041000CBAEB4 /* DataTypes */,
			);
			path = Models;
			sourceTree = "<group>";
		};
		3457D6EC2A36B7310067D9CC /* Views */ = {
			isa = PBXGroup;
			children = (
				34B0E5362A49190B00CBAEB4 /* CNCharacterListView.swift */,
				34A99DEF2A4AA35F002B4916 /* CNCharacterCollectionViewCell.swift */,
			);
			path = Views;
			sourceTree = "<group>";
		};
		3457D6ED2A36B73A0067D9CC /* ViewModels */ = {
			isa = PBXGroup;
			children = (
				34B0E5342A49187300CBAEB4 /* CNCharacterListViewViewModel.swift */,
			);
			path = ViewModels;
			sourceTree = "<group>";
		};
		3457D6EE2A36B7A50067D9CC /* Managers */ = {
			isa = PBXGroup;
			children = (
			);
			path = Managers;
			sourceTree = "<group>";
		};
		3457D6EF2A36B7AE0067D9CC /* APIClient */ = {
			isa = PBXGroup;
			children = (
				346256202A3FF39000EE09CB /* CNService.swift */,
				346256222A3FF3A300EE09CB /* CNRequest.swift */,
				346256242A3FF43600EE09CB /* CNEndpoint.swift */,
			);
			path = APIClient;
			sourceTree = "<group>";
		};
		3457D6F02A36B7C50067D9CC /* Resources */ = {
			isa = PBXGroup;
			children = (
				3457D6D82A36A3A80067D9CC /* SceneDelegate.swift */,
				3457D6D62A36A3A80067D9CC /* AppDelegate.swift */,
				3457D6DF2A36A3A90067D9CC /* Assets.xcassets */,
				3457D6E12A36A3A90067D9CC /* LaunchScreen.storyboard */,
				34A99DED2A494EAD002B4916 /* Extensions.swift */,
			);
			path = Resources;
			sourceTree = "<group>";
		};
		3457D6F92A36C2210067D9CC /* Core */ = {
			isa = PBXGroup;
			children = (
				3457D6DA2A36A3A80067D9CC /* CNTabBarViewController.swift */,
				3457D6FA2A36C2680067D9CC /* CNCharactersViewController.swift */,
				3457D6FC2A36C27B0067D9CC /* CNLocationsViewController.swift */,
				3457D6FE2A36C2850067D9CC /* CNEpisodesViewController.swift */,
				3457D7002A36C28F0067D9CC /* CNSettingsViewController.swift */,
			);
			path = Core;
			sourceTree = "<group>";
		};
		34B0E5302A44041000CBAEB4 /* DataTypes */ = {
			isa = PBXGroup;
			children = (
				3457D6F32A36BE8A0067D9CC /* CNLocation.swift */,
				346256262A3FFAC600EE09CB /* CNOrigin.swift */,
				3457D6F72A36BEAC0067D9CC /* CNEpisode.swift */,
				3457D6F52A36BEA10067D9CC /* CNCharacter.swift */,
				3462562A2A3FFCBB00EE09CB /* CNCharacterStatus.swift */,
				3462562C2A3FFCD600EE09CB /* CNCharacterGender.swift */,
				346256282A3FFB6000EE09CB /* CNSingleLocation.swift */,
			);
			path = DataTypes;
			sourceTree = "<group>";
		};
		34B0E5312A44043700CBAEB4 /* ResponseTypes */ = {
			isa = PBXGroup;
			children = (
				34B0E5322A44045700CBAEB4 /* CNGetAllCharactersResponse.swift */,
			);
			path = ResponseTypes;
			sourceTree = "<group>";
		};
/* End PBXGroup section */

/* Begin PBXNativeTarget section */
		3457D6D22A36A3A80067D9CC /* CartoonApp */ = {
			isa = PBXNativeTarget;
			buildConfigurationList = 3457D6E72A36A3A90067D9CC /* Build configuration list for PBXNativeTarget "CartoonApp" */;
			buildPhases = (
				3457D6CF2A36A3A80067D9CC /* Sources */,
				3457D6D02A36A3A80067D9CC /* Frameworks */,
				3457D6D12A36A3A80067D9CC /* Resources */,
			);
			buildRules = (
			);
			dependencies = (
			);
			name = CartoonApp;
			productName = CartoonApp;
			productReference = 3457D6D32A36A3A80067D9CC /* CartoonApp.app */;
			productType = "com.apple.product-type.application";
		};
/* End PBXNativeTarget section */

/* Begin PBXProject section */
		3457D6CB2A36A3A80067D9CC /* Project object */ = {
			isa = PBXProject;
			attributes = {
				BuildIndependentTargetsInParallel = 1;
				LastSwiftUpdateCheck = 1410;
				LastUpgradeCheck = 1410;
				TargetAttributes = {
					3457D6D22A36A3A80067D9CC = {
						CreatedOnToolsVersion = 14.1;
					};
				};
			};
			buildConfigurationList = 3457D6CE2A36A3A80067D9CC /* Build configuration list for PBXProject "CartoonApp" */;
			compatibilityVersion = "Xcode 14.0";
			developmentRegion = en;
			hasScannedForEncodings = 0;
			knownRegions = (
				en,
				Base,
			);
			mainGroup = 3457D6CA2A36A3A80067D9CC;
			productRefGroup = 3457D6D42A36A3A80067D9CC /* Products */;
			projectDirPath = "";
			projectRoot = "";
			targets = (
				3457D6D22A36A3A80067D9CC /* CartoonApp */,
			);
		};
/* End PBXProject section */

/* Begin PBXResourcesBuildPhase section */
		3457D6D12A36A3A80067D9CC /* Resources */ = {
			isa = PBXResourcesBuildPhase;
			buildActionMask = 2147483647;
			files = (
				3457D6E32A36A3A90067D9CC /* LaunchScreen.storyboard in Resources */,
				3457D6E02A36A3A90067D9CC /* Assets.xcassets in Resources */,
			);
			runOnlyForDeploymentPostprocessing = 0;
		};
/* End PBXResourcesBuildPhase section */

/* Begin PBXSourcesBuildPhase section */
		3457D6CF2A36A3A80067D9CC /* Sources */ = {
			isa = PBXSourcesBuildPhase;
			buildActionMask = 2147483647;
			files = (
				34B0E5332A44045700CBAEB4 /* CNGetAllCharactersResponse.swift in Sources */,
				34A99DF02A4AA35F002B4916 /* CNCharacterCollectionViewCell.swift in Sources */,
				34B0E5352A49187300CBAEB4 /* CNCharacterListViewViewModel.swift in Sources */,
				346256232A3FF3A300EE09CB /* CNRequest.swift in Sources */,
				3457D6DB2A36A3A80067D9CC /* CNTabBarViewController.swift in Sources */,
				3457D6F42A36BE8A0067D9CC /* CNLocation.swift in Sources */,
				346256252A3FF43700EE09CB /* CNEndpoint.swift in Sources */,
				3462562B2A3FFCBB00EE09CB /* CNCharacterStatus.swift in Sources */,
				3457D7012A36C28F0067D9CC /* CNSettingsViewController.swift in Sources */,
				3457D6FD2A36C27B0067D9CC /* CNLocationsViewController.swift in Sources */,
				34B0E5372A49190B00CBAEB4 /* CNCharacterListView.swift in Sources */,
				3457D6FF2A36C2850067D9CC /* CNEpisodesViewController.swift in Sources */,
				3462562D2A3FFCD600EE09CB /* CNCharacterGender.swift in Sources */,
				3457D6FB2A36C2680067D9CC /* CNCharactersViewController.swift in Sources */,
				34A99DEE2A494EAD002B4916 /* Extensions.swift in Sources */,
				3457D6F82A36BEAC0067D9CC /* CNEpisode.swift in Sources */,
				346256292A3FFB6000EE09CB /* CNSingleLocation.swift in Sources */,
				346256212A3FF39000EE09CB /* CNService.swift in Sources */,
				3457D6D72A36A3A80067D9CC /* AppDelegate.swift in Sources */,
				3457D6F62A36BEA10067D9CC /* CNCharacter.swift in Sources */,
				346256272A3FFAC600EE09CB /* CNOrigin.swift in Sources */,
				3457D6D92A36A3A80067D9CC /* SceneDelegate.swift in Sources */,
			);
			runOnlyForDeploymentPostprocessing = 0;
		};
/* End PBXSourcesBuildPhase section */

/* Begin PBXVariantGroup section */
		3457D6E12A36A3A90067D9CC /* LaunchScreen.storyboard */ = {
			isa = PBXVariantGroup;
			children = (
				3457D6E22A36A3A90067D9CC /* Base */,
			);
			name = LaunchScreen.storyboard;
			sourceTree = "<group>";
		};
/* End PBXVariantGroup section */

/* Begin XCBuildConfiguration section */
		3457D6E52A36A3A90067D9CC /* Debug */ = {
			isa = XCBuildConfiguration;
			buildSettings = {
				ALWAYS_SEARCH_USER_PATHS = NO;
				CLANG_ANALYZER_NONNULL = YES;
				CLANG_ANALYZER_NUMBER_OBJECT_CONVERSION = YES_AGGRESSIVE;
				CLANG_CXX_LANGUAGE_STANDARD = "gnu++20";
				CLANG_ENABLE_MODULES = YES;
				CLANG_ENABLE_OBJC_ARC = YES;
				CLANG_ENABLE_OBJC_WEAK = YES;
				CLANG_WARN_BLOCK_CAPTURE_AUTORELEASING = YES;
				CLANG_WARN_BOOL_CONVERSION = YES;
				CLANG_WARN_COMMA = YES;
				CLANG_WARN_CONSTANT_CONVERSION = YES;
				CLANG_WARN_DEPRECATED_OBJC_IMPLEMENTATIONS = YES;
				CLANG_WARN_DIRECT_OBJC_ISA_USAGE = YES_ERROR;
				CLANG_WARN_DOCUMENTATION_COMMENTS = YES;
				CLANG_WARN_EMPTY_BODY = YES;
				CLANG_WARN_ENUM_CONVERSION = YES;
				CLANG_WARN_INFINITE_RECURSION = YES;
				CLANG_WARN_INT_CONVERSION = YES;
				CLANG_WARN_NON_LITERAL_NULL_CONVERSION = YES;
				CLANG_WARN_OBJC_IMPLICIT_RETAIN_SELF = YES;
				CLANG_WARN_OBJC_LITERAL_CONVERSION = YES;
				CLANG_WARN_OBJC_ROOT_CLASS = YES_ERROR;
				CLANG_WARN_QUOTED_INCLUDE_IN_FRAMEWORK_HEADER = YES;
				CLANG_WARN_RANGE_LOOP_ANALYSIS = YES;
				CLANG_WARN_STRICT_PROTOTYPES = YES;
				CLANG_WARN_SUSPICIOUS_MOVE = YES;
				CLANG_WARN_UNGUARDED_AVAILABILITY = YES_AGGRESSIVE;
				CLANG_WARN_UNREACHABLE_CODE = YES;
				CLANG_WARN__DUPLICATE_METHOD_MATCH = YES;
				COPY_PHASE_STRIP = NO;
				DEBUG_INFORMATION_FORMAT = dwarf;
				ENABLE_STRICT_OBJC_MSGSEND = YES;
				ENABLE_TESTABILITY = YES;
				GCC_C_LANGUAGE_STANDARD = gnu11;
				GCC_DYNAMIC_NO_PIC = NO;
				GCC_NO_COMMON_BLOCKS = YES;
				GCC_OPTIMIZATION_LEVEL = 0;
				GCC_PREPROCESSOR_DEFINITIONS = (
					"DEBUG=1",
					"$(inherited)",
				);
				GCC_WARN_64_TO_32_BIT_CONVERSION = YES;
				GCC_WARN_ABOUT_RETURN_TYPE = YES_ERROR;
				GCC_WARN_UNDECLARED_SELECTOR = YES;
				GCC_WARN_UNINITIALIZED_AUTOS = YES_AGGRESSIVE;
				GCC_WARN_UNUSED_FUNCTION = YES;
				GCC_WARN_UNUSED_VARIABLE = YES;
				IPHONEOS_DEPLOYMENT_TARGET = 16.1;
				MTL_ENABLE_DEBUG_INFO = INCLUDE_SOURCE;
				MTL_FAST_MATH = YES;
				ONLY_ACTIVE_ARCH = YES;
				SDKROOT = iphoneos;
				SWIFT_ACTIVE_COMPILATION_CONDITIONS = DEBUG;
				SWIFT_OPTIMIZATION_LEVEL = "-Onone";
			};
			name = Debug;
		};
		3457D6E62A36A3A90067D9CC /* Release */ = {
			isa = XCBuildConfiguration;
			buildSettings = {
				ALWAYS_SEARCH_USER_PATHS = NO;
				CLANG_ANALYZER_NONNULL = YES;
				CLANG_ANALYZER_NUMBER_OBJECT_CONVERSION = YES_AGGRESSIVE;
				CLANG_CXX_LANGUAGE_STANDARD = "gnu++20";
				CLANG_ENABLE_MODULES = YES;
				CLANG_ENABLE_OBJC_ARC = YES;
				CLANG_ENABLE_OBJC_WEAK = YES;
				CLANG_WARN_BLOCK_CAPTURE_AUTORELEASING = YES;
				CLANG_WARN_BOOL_CONVERSION = YES;
				CLANG_WARN_COMMA = YES;
				CLANG_WARN_CONSTANT_CONVERSION = YES;
				CLANG_WARN_DEPRECATED_OBJC_IMPLEMENTATIONS = YES;
				CLANG_WARN_DIRECT_OBJC_ISA_USAGE = YES_ERROR;
				CLANG_WARN_DOCUMENTATION_COMMENTS = YES;
				CLANG_WARN_EMPTY_BODY = YES;
				CLANG_WARN_ENUM_CONVERSION = YES;
				CLANG_WARN_INFINITE_RECURSION = YES;
				CLANG_WARN_INT_CONVERSION = YES;
				CLANG_WARN_NON_LITERAL_NULL_CONVERSION = YES;
				CLANG_WARN_OBJC_IMPLICIT_RETAIN_SELF = YES;
				CLANG_WARN_OBJC_LITERAL_CONVERSION = YES;
				CLANG_WARN_OBJC_ROOT_CLASS = YES_ERROR;
				CLANG_WARN_QUOTED_INCLUDE_IN_FRAMEWORK_HEADER = YES;
				CLANG_WARN_RANGE_LOOP_ANALYSIS = YES;
				CLANG_WARN_STRICT_PROTOTYPES = YES;
				CLANG_WARN_SUSPICIOUS_MOVE = YES;
				CLANG_WARN_UNGUARDED_AVAILABILITY = YES_AGGRESSIVE;
				CLANG_WARN_UNREACHABLE_CODE = YES;
				CLANG_WARN__DUPLICATE_METHOD_MATCH = YES;
				COPY_PHASE_STRIP = NO;
				DEBUG_INFORMATION_FORMAT = "dwarf-with-dsym";
				ENABLE_NS_ASSERTIONS = NO;
				ENABLE_STRICT_OBJC_MSGSEND = YES;
				GCC_C_LANGUAGE_STANDARD = gnu11;
				GCC_NO_COMMON_BLOCKS = YES;
				GCC_WARN_64_TO_32_BIT_CONVERSION = YES;
				GCC_WARN_ABOUT_RETURN_TYPE = YES_ERROR;
				GCC_WARN_UNDECLARED_SELECTOR = YES;
				GCC_WARN_UNINITIALIZED_AUTOS = YES_AGGRESSIVE;
				GCC_WARN_UNUSED_FUNCTION = YES;
				GCC_WARN_UNUSED_VARIABLE = YES;
				IPHONEOS_DEPLOYMENT_TARGET = 16.1;
				MTL_ENABLE_DEBUG_INFO = NO;
				MTL_FAST_MATH = YES;
				SDKROOT = iphoneos;
				SWIFT_COMPILATION_MODE = wholemodule;
				SWIFT_OPTIMIZATION_LEVEL = "-O";
				VALIDATE_PRODUCT = YES;
			};
			name = Release;
		};
		3457D6E82A36A3A90067D9CC /* Debug */ = {
			isa = XCBuildConfiguration;
			buildSettings = {
				ASSETCATALOG_COMPILER_APPICON_NAME = AppIcon;
				ASSETCATALOG_COMPILER_GLOBAL_ACCENT_COLOR_NAME = AccentColor;
				CODE_SIGN_STYLE = Automatic;
				CURRENT_PROJECT_VERSION = 1;
				DEVELOPMENT_TEAM = W2AXPM9L47;
				GENERATE_INFOPLIST_FILE = YES;
				INFOPLIST_FILE = CartoonApp/Info.plist;
				INFOPLIST_KEY_UIApplicationSupportsIndirectInputEvents = YES;
				INFOPLIST_KEY_UILaunchStoryboardName = LaunchScreen;
				INFOPLIST_KEY_UISupportedInterfaceOrientations_iPad = "UIInterfaceOrientationPortrait UIInterfaceOrientationPortraitUpsideDown UIInterfaceOrientationLandscapeLeft UIInterfaceOrientationLandscapeRight";
				INFOPLIST_KEY_UISupportedInterfaceOrientations_iPhone = "UIInterfaceOrientationPortrait UIInterfaceOrientationLandscapeLeft UIInterfaceOrientationLandscapeRight";
				LD_RUNPATH_SEARCH_PATHS = (
					"$(inherited)",
					"@executable_path/Frameworks",
				);
				MARKETING_VERSION = 1.0;
				PRODUCT_BUNDLE_IDENTIFIER = com.aveldanov.CartoonApp;
				PRODUCT_NAME = "$(TARGET_NAME)";
				SWIFT_EMIT_LOC_STRINGS = YES;
				SWIFT_VERSION = 5.0;
				TARGETED_DEVICE_FAMILY = "1,2";
			};
			name = Debug;
		};
		3457D6E92A36A3A90067D9CC /* Release */ = {
			isa = XCBuildConfiguration;
			buildSettings = {
				ASSETCATALOG_COMPILER_APPICON_NAME = AppIcon;
				ASSETCATALOG_COMPILER_GLOBAL_ACCENT_COLOR_NAME = AccentColor;
				CODE_SIGN_STYLE = Automatic;
				CURRENT_PROJECT_VERSION = 1;
				DEVELOPMENT_TEAM = W2AXPM9L47;
				GENERATE_INFOPLIST_FILE = YES;
				INFOPLIST_FILE = CartoonApp/Info.plist;
				INFOPLIST_KEY_UIApplicationSupportsIndirectInputEvents = YES;
				INFOPLIST_KEY_UILaunchStoryboardName = LaunchScreen;
				INFOPLIST_KEY_UISupportedInterfaceOrientations_iPad = "UIInterfaceOrientationPortrait UIInterfaceOrientationPortraitUpsideDown UIInterfaceOrientationLandscapeLeft UIInterfaceOrientationLandscapeRight";
				INFOPLIST_KEY_UISupportedInterfaceOrientations_iPhone = "UIInterfaceOrientationPortrait UIInterfaceOrientationLandscapeLeft UIInterfaceOrientationLandscapeRight";
				LD_RUNPATH_SEARCH_PATHS = (
					"$(inherited)",
					"@executable_path/Frameworks",
				);
				MARKETING_VERSION = 1.0;
				PRODUCT_BUNDLE_IDENTIFIER = com.aveldanov.CartoonApp;
				PRODUCT_NAME = "$(TARGET_NAME)";
				SWIFT_EMIT_LOC_STRINGS = YES;
				SWIFT_VERSION = 5.0;
				TARGETED_DEVICE_FAMILY = "1,2";
			};
			name = Release;
		};
/* End XCBuildConfiguration section */

/* Begin XCConfigurationList section */
		3457D6CE2A36A3A80067D9CC /* Build configuration list for PBXProject "CartoonApp" */ = {
			isa = XCConfigurationList;
			buildConfigurations = (
				3457D6E52A36A3A90067D9CC /* Debug */,
				3457D6E62A36A3A90067D9CC /* Release */,
			);
			defaultConfigurationIsVisible = 0;
			defaultConfigurationName = Release;
		};
		3457D6E72A36A3A90067D9CC /* Build configuration list for PBXNativeTarget "CartoonApp" */ = {
			isa = XCConfigurationList;
			buildConfigurations = (
				3457D6E82A36A3A90067D9CC /* Debug */,
				3457D6E92A36A3A90067D9CC /* Release */,
			);
			defaultConfigurationIsVisible = 0;
			defaultConfigurationName = Release;
		};
/* End XCConfigurationList section */
	};
	rootObject = 3457D6CB2A36A3A80067D9CC /* Project object */;
}
